// !$*UTF8*$!
{
	archiveVersion = 1;
	classes = {
	};
	objectVersion = 47;
	objects = {

/* Begin PBXBuildFile section */
		1D3623260D0F684500981E51 /* MedalsRibbonsAppDelegate.m in Sources */ = {isa = PBXBuildFile; fileRef = 1D3623250D0F684500981E51 /* MedalsRibbonsAppDelegate.m */; };
		1D60589B0D05DD56006BFB54 /* main.m in Sources */ = {isa = PBXBuildFile; fileRef = 29B97316FDCFA39411CA2CEA /* main.m */; };
		1D60589F0D05DD5A006BFB54 /* Foundation.framework in Frameworks */ = {isa = PBXBuildFile; fileRef = 1D30AB110D05D00D00671497 /* Foundation.framework */; };
		1DF5F4E00D08C38300B7A737 /* UIKit.framework in Frameworks */ = {isa = PBXBuildFile; fileRef = 1DF5F4DF0D08C38300B7A737 /* UIKit.framework */; };
		28193060112F816700ECF9B4 /* MedalsRibbons.xcdatamodeld in Sources */ = {isa = PBXBuildFile; fileRef = 2819305F112F816700ECF9B4 /* MedalsRibbons.xcdatamodeld */; };
		288765A50DF7441C002DB57D /* CoreGraphics.framework in Frameworks */ = {isa = PBXBuildFile; fileRef = 288765A40DF7441C002DB57D /* CoreGraphics.framework */; };
		28AD733F0D9D9553002E5188 /* MainWindow.xib in Resources */ = {isa = PBXBuildFile; fileRef = 28AD733E0D9D9553002E5188 /* MainWindow.xib */; };
		28D801B40F44B63D00FB423F /* CoreData.framework in Frameworks */ = {isa = PBXBuildFile; fileRef = 28D801B30F44B63D00FB423F /* CoreData.framework */; };
		4603C9C91291F107006F9101 /* Rack.m in Sources */ = {isa = PBXBuildFile; fileRef = 4603C9C81291F107006F9101 /* Rack.m */; };
		4608AC68129DBBB700D4BACD /* MedalInfoView.m in Sources */ = {isa = PBXBuildFile; fileRef = 4608AC66129DBBB700D4BACD /* MedalInfoView.m */; };
		4608AC69129DBBB700D4BACD /* MedalInfoView.xib in Sources */ = {isa = PBXBuildFile; fileRef = 4608AC67129DBBB700D4BACD /* MedalInfoView.xib */; };
		4613A9E9128A073B0075E4CA /* MedalsRibbons.xcdatamodel in Sources */ = {isa = PBXBuildFile; fileRef = 28C3AD890F43EF2300507BA6 /* MedalsRibbons.xcdatamodel */; };
		461CAE5E12903B4A001B0D8E /* Ribbon.m in Sources */ = {isa = PBXBuildFile; fileRef = 461CAE5D12903B4A001B0D8E /* Ribbon.m */; };
		4622C94F12907C4C007F57DE /* RackView.m in Sources */ = {isa = PBXBuildFile; fileRef = 4622C94D12907C4C007F57DE /* RackView.m */; };
		4622C95012907C4C007F57DE /* RackView.xib in Sources */ = {isa = PBXBuildFile; fileRef = 4622C94E12907C4C007F57DE /* RackView.xib */; };
		46503C801285BF84002C0C79 /* BranchView.m in Sources */ = {isa = PBXBuildFile; fileRef = 46503C7E1285BF84002C0C79 /* BranchView.m */; };
		46503C811285BF84002C0C79 /* BranchView.xib in Sources */ = {isa = PBXBuildFile; fileRef = 46503C7F1285BF84002C0C79 /* BranchView.xib */; };
		4666F478142183E00082A680 /* MedalsRibbons.sqlite in Resources */ = {isa = PBXBuildFile; fileRef = 4666F477142183E00082A680 /* MedalsRibbons.sqlite */; };
		46B33189128F5767006EBE97 /* Organization.m in Sources */ = {isa = PBXBuildFile; fileRef = 46B33187128F5767006EBE97 /* Organization.m */; };
		46BE5504128DF48F00FA76E5 /* RibbonView.m in Sources */ = {isa = PBXBuildFile; fileRef = 46BE5502128DF48F00FA76E5 /* RibbonView.m */; };
		46BE5505128DF48F00FA76E5 /* RibbonView.xib in Sources */ = {isa = PBXBuildFile; fileRef = 46BE5503128DF48F00FA76E5 /* RibbonView.xib */; };
		84FB16EA1D7DAC8C0099B131 /* Default-568h@2x.png in Resources */ = {isa = PBXBuildFile; fileRef = 84FB16E91D7DAC8C0099B131 /* Default-568h@2x.png */; };
/* End PBXBuildFile section */

/* Begin PBXFileReference section */
		1D30AB110D05D00D00671497 /* Foundation.framework */ = {isa = PBXFileReference; lastKnownFileType = wrapper.framework; name = Foundation.framework; path = System/Library/Frameworks/Foundation.framework; sourceTree = SDKROOT; };
		1D3623240D0F684500981E51 /* MedalsRibbonsAppDelegate.h */ = {isa = PBXFileReference; fileEncoding = 4; lastKnownFileType = sourcecode.c.h; path = MedalsRibbonsAppDelegate.h; sourceTree = "<group>"; };
		1D3623250D0F684500981E51 /* MedalsRibbonsAppDelegate.m */ = {isa = PBXFileReference; fileEncoding = 4; lastKnownFileType = sourcecode.c.objc; path = MedalsRibbonsAppDelegate.m; sourceTree = "<group>"; };
		1D6058910D05DD3D006BFB54 /* MedalsRibbons.app */ = {isa = PBXFileReference; explicitFileType = wrapper.application; includeInIndex = 0; path = MedalsRibbons.app; sourceTree = BUILT_PRODUCTS_DIR; };
		1DF5F4DF0D08C38300B7A737 /* UIKit.framework */ = {isa = PBXFileReference; lastKnownFileType = wrapper.framework; name = UIKit.framework; path = System/Library/Frameworks/UIKit.framework; sourceTree = SDKROOT; };
		288765A40DF7441C002DB57D /* CoreGraphics.framework */ = {isa = PBXFileReference; lastKnownFileType = wrapper.framework; name = CoreGraphics.framework; path = System/Library/Frameworks/CoreGraphics.framework; sourceTree = SDKROOT; };
		28AD733E0D9D9553002E5188 /* MainWindow.xib */ = {isa = PBXFileReference; lastKnownFileType = file.xib; path = MainWindow.xib; sourceTree = "<group>"; };
		28C3AD890F43EF2300507BA6 /* MedalsRibbons.xcdatamodel */ = {isa = PBXFileReference; fileEncoding = 4; lastKnownFileType = wrapper.xcdatamodel; path = MedalsRibbons.xcdatamodel; sourceTree = "<group>"; };
		28D801B30F44B63D00FB423F /* CoreData.framework */ = {isa = PBXFileReference; lastKnownFileType = wrapper.framework; name = CoreData.framework; path = System/Library/Frameworks/CoreData.framework; sourceTree = SDKROOT; };
		29B97316FDCFA39411CA2CEA /* main.m */ = {isa = PBXFileReference; fileEncoding = 4; lastKnownFileType = sourcecode.c.objc; path = main.m; sourceTree = "<group>"; };
		32CA4F630368D1EE00C91783 /* MedalsRibbons_Prefix.pch */ = {isa = PBXFileReference; fileEncoding = 4; lastKnownFileType = sourcecode.c.h; path = MedalsRibbons_Prefix.pch; sourceTree = "<group>"; };
		4603C9C71291F107006F9101 /* Rack.h */ = {isa = PBXFileReference; fileEncoding = 4; lastKnownFileType = sourcecode.c.h; path = Rack.h; sourceTree = "<group>"; };
		4603C9C81291F107006F9101 /* Rack.m */ = {isa = PBXFileReference; fileEncoding = 4; lastKnownFileType = sourcecode.c.objc; path = Rack.m; sourceTree = "<group>"; };
		4608AC65129DBBB700D4BACD /* MedalInfoView.h */ = {isa = PBXFileReference; fileEncoding = 4; lastKnownFileType = sourcecode.c.h; path = MedalInfoView.h; sourceTree = "<group>"; };
		4608AC66129DBBB700D4BACD /* MedalInfoView.m */ = {isa = PBXFileReference; fileEncoding = 4; lastKnownFileType = sourcecode.c.objc; path = MedalInfoView.m; sourceTree = "<group>"; };
		4608AC67129DBBB700D4BACD /* MedalInfoView.xib */ = {isa = PBXFileReference; explicitFileType = file.xib; fileEncoding = 4; name = MedalInfoView.xib; path = Classes/MedalInfoView.xib; sourceTree = "<group>"; };
		461CAE5C12903B4A001B0D8E /* Ribbon.h */ = {isa = PBXFileReference; fileEncoding = 4; lastKnownFileType = sourcecode.c.h; name = Ribbon.h; path = ../Ribbon.h; sourceTree = "<group>"; };
		461CAE5D12903B4A001B0D8E /* Ribbon.m */ = {isa = PBXFileReference; fileEncoding = 4; lastKnownFileType = sourcecode.c.objc; name = Ribbon.m; path = ../Ribbon.m; sourceTree = "<group>"; };
		4622C94C12907C4C007F57DE /* RackView.h */ = {isa = PBXFileReference; fileEncoding = 4; lastKnownFileType = sourcecode.c.h; path = RackView.h; sourceTree = "<group>"; };
		4622C94D12907C4C007F57DE /* RackView.m */ = {isa = PBXFileReference; fileEncoding = 4; lastKnownFileType = sourcecode.c.objc; path = RackView.m; sourceTree = "<group>"; };
		4622C94E12907C4C007F57DE /* RackView.xib */ = {isa = PBXFileReference; explicitFileType = file.xib; fileEncoding = 4; name = RackView.xib; path = Classes/RackView.xib; sourceTree = "<group>"; };
		46503C7D1285BF84002C0C79 /* BranchView.h */ = {isa = PBXFileReference; fileEncoding = 4; lastKnownFileType = sourcecode.c.h; path = BranchView.h; sourceTree = "<group>"; };
		46503C7E1285BF84002C0C79 /* BranchView.m */ = {isa = PBXFileReference; fileEncoding = 4; lastKnownFileType = sourcecode.c.objc; path = BranchView.m; sourceTree = "<group>"; };
		46503C7F1285BF84002C0C79 /* BranchView.xib */ = {isa = PBXFileReference; explicitFileType = file.xib; fileEncoding = 4; name = BranchView.xib; path = Classes/BranchView.xib; sourceTree = "<group>"; };
		4666F477142183E00082A680 /* MedalsRibbons.sqlite */ = {isa = PBXFileReference; lastKnownFileType = file; path = MedalsRibbons.sqlite; sourceTree = "<group>"; };
		46B33186128F5767006EBE97 /* Organization.h */ = {isa = PBXFileReference; fileEncoding = 4; lastKnownFileType = sourcecode.c.h; name = Organization.h; path = ../Organization.h; sourceTree = "<group>"; };
		46B33187128F5767006EBE97 /* Organization.m */ = {isa = PBXFileReference; fileEncoding = 4; lastKnownFileType = sourcecode.c.objc; name = Organization.m; path = ../Organization.m; sourceTree = "<group>"; };
		46BE5501128DF48F00FA76E5 /* RibbonView.h */ = {isa = PBXFileReference; fileEncoding = 4; lastKnownFileType = sourcecode.c.h; path = RibbonView.h; sourceTree = "<group>"; };
		46BE5502128DF48F00FA76E5 /* RibbonView.m */ = {isa = PBXFileReference; fileEncoding = 4; lastKnownFileType = sourcecode.c.objc; path = RibbonView.m; sourceTree = "<group>"; };
		46BE5503128DF48F00FA76E5 /* RibbonView.xib */ = {isa = PBXFileReference; explicitFileType = file.xib; fileEncoding = 4; name = RibbonView.xib; path = Classes/RibbonView.xib; sourceTree = "<group>"; };
		46C851EA14282BD300E3442F /* Entitlements.plist */ = {isa = PBXFileReference; fileEncoding = 4; lastKnownFileType = text.plist.xml; path = Entitlements.plist; sourceTree = "<group>"; };
		84FB16E91D7DAC8C0099B131 /* Default-568h@2x.png */ = {isa = PBXFileReference; lastKnownFileType = image.png; path = "Default-568h@2x.png"; sourceTree = "<group>"; };
		8D1107310486CEB800E47090 /* MedalsRibbons-Info.plist */ = {isa = PBXFileReference; fileEncoding = 4; lastKnownFileType = text.plist.xml; path = "MedalsRibbons-Info.plist"; plistStructureDefinitionIdentifier = "com.apple.xcode.plist.structure-definition.iphone.info-plist"; sourceTree = "<group>"; };
/* End PBXFileReference section */

/* Begin PBXFrameworksBuildPhase section */
		1D60588F0D05DD3D006BFB54 /* Frameworks */ = {
			isa = PBXFrameworksBuildPhase;
			buildActionMask = 2147483647;
			files = (
				1D60589F0D05DD5A006BFB54 /* Foundation.framework in Frameworks */,
				1DF5F4E00D08C38300B7A737 /* UIKit.framework in Frameworks */,
				288765A50DF7441C002DB57D /* CoreGraphics.framework in Frameworks */,
				28D801B40F44B63D00FB423F /* CoreData.framework in Frameworks */,
			);
			runOnlyForDeploymentPostprocessing = 0;
		};
/* End PBXFrameworksBuildPhase section */

/* Begin PBXGroup section */
		080E96DDFE201D6D7F000001 /* Classes */ = {
			isa = PBXGroup;
			children = (
				461CAE5C12903B4A001B0D8E /* Ribbon.h */,
				461CAE5D12903B4A001B0D8E /* Ribbon.m */,
				46B33186128F5767006EBE97 /* Organization.h */,
				46B33187128F5767006EBE97 /* Organization.m */,
				1D3623240D0F684500981E51 /* MedalsRibbonsAppDelegate.h */,
				1D3623250D0F684500981E51 /* MedalsRibbonsAppDelegate.m */,
				46503C7D1285BF84002C0C79 /* BranchView.h */,
				46503C7E1285BF84002C0C79 /* BranchView.m */,
				46BE5501128DF48F00FA76E5 /* RibbonView.h */,
				46BE5502128DF48F00FA76E5 /* RibbonView.m */,
				4622C94C12907C4C007F57DE /* RackView.h */,
				4622C94D12907C4C007F57DE /* RackView.m */,
				4603C9C71291F107006F9101 /* Rack.h */,
				4603C9C81291F107006F9101 /* Rack.m */,
				4608AC66129DBBB700D4BACD /* MedalInfoView.m */,
				4608AC65129DBBB700D4BACD /* MedalInfoView.h */,
			);
			path = Classes;
			sourceTree = "<group>";
		};
		19C28FACFE9D520D11CA2CBB /* Products */ = {
			isa = PBXGroup;
			children = (
				1D6058910D05DD3D006BFB54 /* MedalsRibbons.app */,
			);
			name = Products;
			sourceTree = "<group>";
		};
		29B97314FDCFA39411CA2CEA /* CustomTemplate */ = {
			isa = PBXGroup;
			children = (
				84FB16E91D7DAC8C0099B131 /* Default-568h@2x.png */,
				080E96DDFE201D6D7F000001 /* Classes */,
				29B97315FDCFA39411CA2CEA /* Other Sources */,
				29B97317FDCFA39411CA2CEA /* Resources */,
				29B97323FDCFA39411CA2CEA /* Frameworks */,
				19C28FACFE9D520D11CA2CBB /* Products */,
				46C851EA14282BD300E3442F /* Entitlements.plist */,
			);
			name = CustomTemplate;
			sourceTree = "<group>";
		};
		29B97315FDCFA39411CA2CEA /* Other Sources */ = {
			isa = PBXGroup;
			children = (
				32CA4F630368D1EE00C91783 /* MedalsRibbons_Prefix.pch */,
				29B97316FDCFA39411CA2CEA /* main.m */,
			);
			name = "Other Sources";
			sourceTree = "<group>";
		};
		29B97317FDCFA39411CA2CEA /* Resources */ = {
			isa = PBXGroup;
			children = (
				4666F477142183E00082A680 /* MedalsRibbons.sqlite */,
				4608AC67129DBBB700D4BACD /* MedalInfoView.xib */,
				4622C94E12907C4C007F57DE /* RackView.xib */,
				46BE5503128DF48F00FA76E5 /* RibbonView.xib */,
				46503C7F1285BF84002C0C79 /* BranchView.xib */,
				2819305F112F816700ECF9B4 /* MedalsRibbons.xcdatamodeld */,
				28AD733E0D9D9553002E5188 /* MainWindow.xib */,
				8D1107310486CEB800E47090 /* MedalsRibbons-Info.plist */,
			);
			name = Resources;
			sourceTree = "<group>";
		};
		29B97323FDCFA39411CA2CEA /* Frameworks */ = {
			isa = PBXGroup;
			children = (
				1DF5F4DF0D08C38300B7A737 /* UIKit.framework */,
				1D30AB110D05D00D00671497 /* Foundation.framework */,
				288765A40DF7441C002DB57D /* CoreGraphics.framework */,
				28D801B30F44B63D00FB423F /* CoreData.framework */,
			);
			name = Frameworks;
			sourceTree = "<group>";
		};
/* End PBXGroup section */

/* Begin PBXNativeTarget section */
		1D6058900D05DD3D006BFB54 /* MedalsRibbons */ = {
			isa = PBXNativeTarget;
			buildConfigurationList = 1D6058960D05DD3E006BFB54 /* Build configuration list for PBXNativeTarget "MedalsRibbons" */;
			buildPhases = (
				1D60588D0D05DD3D006BFB54 /* Resources */,
				1D60588E0D05DD3D006BFB54 /* Sources */,
				1D60588F0D05DD3D006BFB54 /* Frameworks */,
			);
			buildRules = (
			);
			dependencies = (
			);
			name = MedalsRibbons;
			productName = MedalsRibbons;
			productReference = 1D6058910D05DD3D006BFB54 /* MedalsRibbons.app */;
			productType = "com.apple.product-type.application";
		};
/* End PBXNativeTarget section */

/* Begin PBXProject section */
		29B97313FDCFA39411CA2CEA /* Project object */ = {
			isa = PBXProject;
			attributes = {
				LastUpgradeCheck = 0730;
				ORGANIZATIONNAME = "My Zizz";
				TargetAttributes = {
					1D6058900D05DD3D006BFB54 = {
						DevelopmentTeam = T7T84UAZCV;
					};
				};
			};
			buildConfigurationList = C01FCF4E08A954540054247B /* Build configuration list for PBXProject "MedalsRibbons" */;
			compatibilityVersion = "Xcode 6.3";
			developmentRegion = English;
			hasScannedForEncodings = 1;
			knownRegions = (
				English,
				Japanese,
				French,
				German,
			);
			mainGroup = 29B97314FDCFA39411CA2CEA /* CustomTemplate */;
			projectDirPath = "";
			projectRoot = "";
			targets = (
				1D6058900D05DD3D006BFB54 /* MedalsRibbons */,
			);
		};
/* End PBXProject section */

/* Begin PBXResourcesBuildPhase section */
		1D60588D0D05DD3D006BFB54 /* Resources */ = {
			isa = PBXResourcesBuildPhase;
			buildActionMask = 2147483647;
			files = (
				28AD733F0D9D9553002E5188 /* MainWindow.xib in Resources */,
				4666F478142183E00082A680 /* MedalsRibbons.sqlite in Resources */,
				84FB16EA1D7DAC8C0099B131 /* Default-568h@2x.png in Resources */,
			);
			runOnlyForDeploymentPostprocessing = 0;
		};
/* End PBXResourcesBuildPhase section */

/* Begin PBXSourcesBuildPhase section */
		1D60588E0D05DD3D006BFB54 /* Sources */ = {
			isa = PBXSourcesBuildPhase;
			buildActionMask = 2147483647;
			files = (
				1D60589B0D05DD56006BFB54 /* main.m in Sources */,
				1D3623260D0F684500981E51 /* MedalsRibbonsAppDelegate.m in Sources */,
				28193060112F816700ECF9B4 /* MedalsRibbons.xcdatamodeld in Sources */,
				46503C801285BF84002C0C79 /* BranchView.m in Sources */,
				46503C811285BF84002C0C79 /* BranchView.xib in Sources */,
				4613A9E9128A073B0075E4CA /* MedalsRibbons.xcdatamodel in Sources */,
				46BE5504128DF48F00FA76E5 /* RibbonView.m in Sources */,
				46BE5505128DF48F00FA76E5 /* RibbonView.xib in Sources */,
				46B33189128F5767006EBE97 /* Organization.m in Sources */,
				461CAE5E12903B4A001B0D8E /* Ribbon.m in Sources */,
				4622C94F12907C4C007F57DE /* RackView.m in Sources */,
				4622C95012907C4C007F57DE /* RackView.xib in Sources */,
				4603C9C91291F107006F9101 /* Rack.m in Sources */,
				4608AC68129DBBB700D4BACD /* MedalInfoView.m in Sources */,
				4608AC69129DBBB700D4BACD /* MedalInfoView.xib in Sources */,
			);
			runOnlyForDeploymentPostprocessing = 0;
		};
/* End PBXSourcesBuildPhase section */

/* Begin XCBuildConfiguration section */
		1D6058940D05DD3E006BFB54 /* Debug */ = {
			isa = XCBuildConfiguration;
			buildSettings = {
				ALWAYS_SEARCH_USER_PATHS = NO;
				CODE_SIGN_ENTITLEMENTS = "~/Documents/military-medals-ribbons-ios/MedalsRibbons/Entitlements.plist";
				CODE_SIGN_IDENTITY = "iPhone Developer";
				"CODE_SIGN_IDENTITY[sdk=iphoneos*]" = "iPhone Developer";
				COPY_PHASE_STRIP = NO;
				GCC_DYNAMIC_NO_PIC = NO;
				GCC_OPTIMIZATION_LEVEL = 0;
				GCC_PRECOMPILE_PREFIX_HEADER = YES;
				GCC_PREFIX_HEADER = MedalsRibbons_Prefix.pch;
				GCC_VERSION = "";
				INFOPLIST_FILE = "MedalsRibbons-Info.plist";
				PRODUCT_BUNDLE_IDENTIFIER = com.myzizz.medalsribbon;
				PRODUCT_NAME = MedalsRibbons;
				PROVISIONING_PROFILE = "";
				TARGETED_DEVICE_FAMILY = "1,2";
			};
			name = Debug;
		};
		1D6058950D05DD3E006BFB54 /* Release */ = {
			isa = XCBuildConfiguration;
			buildSettings = {
				ALWAYS_SEARCH_USER_PATHS = NO;
				CODE_SIGN_ENTITLEMENTS = "~/Documents/military-medals-ribbons-ios/MedalsRibbons/Entitlements.plist";
				CODE_SIGN_IDENTITY = "iPhone Developer";
				"CODE_SIGN_IDENTITY[sdk=iphoneos*]" = "iPhone Developer";
				COPY_PHASE_STRIP = YES;
				GCC_PRECOMPILE_PREFIX_HEADER = YES;
				GCC_PREFIX_HEADER = MedalsRibbons_Prefix.pch;
				GCC_VERSION = "";
				INFOPLIST_FILE = "MedalsRibbons-Info.plist";
				PRODUCT_BUNDLE_IDENTIFIER = com.myzizz.medalsribbon;
				PRODUCT_NAME = MedalsRibbons;
				PROVISIONING_PROFILE = "";
				TARGETED_DEVICE_FAMILY = "1,2";
				VALIDATE_PRODUCT = YES;
			};
			name = Release;
		};
		468C267212B476EE001DB1AD /* Distribution */ = {
			isa = XCBuildConfiguration;
			buildSettings = {
				CODE_SIGN_ENTITLEMENTS = "";
				"CODE_SIGN_IDENTITY[sdk=iphoneos*]" = "iPhone Distribution: Johnathan Howard";
				DEBUG_INFORMATION_FORMAT = "dwarf-with-dsym";
				GCC_C_LANGUAGE_STANDARD = c99;
				GCC_WARN_ABOUT_RETURN_TYPE = YES;
				GCC_WARN_UNUSED_VARIABLE = YES;
				IPHONEOS_DEPLOYMENT_TARGET = 9.3;
				OTHER_CFLAGS = "-DNS_BLOCK_ASSERTIONS=1";
				"PROVISIONING_PROFILE[sdk=iphoneos*]" = "31C22822-42D6-4D06-BE07-A4F3848A83C3";
				SDKROOT = iphoneos;
			};
			name = Distribution;
		};
		468C267312B476EF001DB1AD /* Distribution */ = {
			isa = XCBuildConfiguration;
			buildSettings = {
				ALWAYS_SEARCH_USER_PATHS = NO;
				CODE_SIGN_ENTITLEMENTS = "~/Documents/military-medals-ribbons-ios/MedalsRibbons/Entitlements.plist";
				CODE_SIGN_IDENTITY = "iPhone Developer";
				"CODE_SIGN_IDENTITY[sdk=iphoneos*]" = "iPhone Developer";
				COPY_PHASE_STRIP = YES;
				GCC_PRECOMPILE_PREFIX_HEADER = YES;
				GCC_PREFIX_HEADER = MedalsRibbons_Prefix.pch;
				GCC_VERSION = "";
				INFOPLIST_FILE = "MedalsRibbons-Info.plist";
				PRODUCT_BUNDLE_IDENTIFIER = com.myzizz.medalsribbon;
				PRODUCT_NAME = MedalsRibbons;
				PROVISIONING_PROFILE = "";
				TARGETED_DEVICE_FAMILY = "1,2";
				VALIDATE_PRODUCT = YES;
			};
			name = Distribution;
		};
		C01FCF4F08A954540054247B /* Debug */ = {
			isa = XCBuildConfiguration;
			buildSettings = {
				CODE_SIGN_ENTITLEMENTS = "";
				"CODE_SIGN_IDENTITY[sdk=iphoneos*]" = "iPhone Distribution: Johnathan Howard";
				ENABLE_TESTABILITY = YES;
				GCC_C_LANGUAGE_STANDARD = c99;
				GCC_WARN_ABOUT_RETURN_TYPE = YES;
				GCC_WARN_UNUSED_VARIABLE = YES;
				IPHONEOS_DEPLOYMENT_TARGET = 9.3;
				ONLY_ACTIVE_ARCH = YES;
				"PROVISIONING_PROFILE[sdk=iphoneos*]" = "31C22822-42D6-4D06-BE07-A4F3848A83C3";
				SDKROOT = iphoneos;
			};
			name = Debug;
		};
		C01FCF5008A954540054247B /* Release */ = {
			isa = XCBuildConfiguration;
			buildSettings = {
				"CODE_SIGN_IDENTITY[sdk=iphoneos*]" = "iPhone Developer";
				GCC_C_LANGUAGE_STANDARD = c99;
				GCC_WARN_ABOUT_RETURN_TYPE = YES;
				GCC_WARN_UNUSED_VARIABLE = YES;
				IPHONEOS_DEPLOYMENT_TARGET = 9.3;
				OTHER_CFLAGS = "-DNS_BLOCK_ASSERTIONS=1";
				SDKROOT = iphoneos;
			};
			name = Release;
		};
/* End XCBuildConfiguration section */

/* Begin XCConfigurationList section */
		1D6058960D05DD3E006BFB54 /* Build configuration list for PBXNativeTarget "MedalsRibbons" */ = {
			isa = XCConfigurationList;
			buildConfigurations = (
				1D6058940D05DD3E006BFB54 /* Debug */,
				1D6058950D05DD3E006BFB54 /* Release */,
				468C267312B476EF001DB1AD /* Distribution */,
			);
			defaultConfigurationIsVisible = 0;
			defaultConfigurationName = Distribution;
		};
		C01FCF4E08A954540054247B /* Build configuration list for PBXProject "MedalsRibbons" */ = {
			isa = XCConfigurationList;
			buildConfigurations = (
				C01FCF4F08A954540054247B /* Debug */,
				C01FCF5008A954540054247B /* Release */,
				468C267212B476EE001DB1AD /* Distribution */,
			);
			defaultConfigurationIsVisible = 0;
			defaultConfigurationName = Distribution;
		};
/* End XCConfigurationList section */

/* Begin XCVersionGroup section */
		2819305F112F816700ECF9B4 /* MedalsRibbons.xcdatamodeld */ = {
			isa = XCVersionGroup;
			children = (
				28C3AD890F43EF2300507BA6 /* MedalsRibbons.xcdatamodel */,
			);
			currentVersion = 28C3AD890F43EF2300507BA6 /* MedalsRibbons.xcdatamodel */;
			path = MedalsRibbons.xcdatamodeld;
			sourceTree = "<group>";
			versionGroupType = wrapper.xcdatamodel;
		};
/* End XCVersionGroup section */
	};
	rootObject = 29B97313FDCFA39411CA2CEA /* Project object */;
}
